
Microsoft Visual Studio Solution File, Format Version 12.00
# Visual Studio Version 17
VisualStudioVersion = 17.10.35122.118
MinimumVisualStudioVersion = 10.0.40219.1
Project("{9A19103F-16F7-4668-BE54-9A1E7A4F7556}") = "Poc.ShopCqrs.API", "Poc.ShopCqrs.API\Poc.ShopCqrs.API.csproj", "{AB07308B-2A1C-4B69-BEBB-5A9B02A02D93}"
EndProject
Project("{2150E333-8FDC-42A3-9474-1A3956D46DE8}") = "1 - Application", "1 - Application", "{96CB8145-9E1D-4B34-8CFD-DA4629AF8F4E}"
EndProject
Project("{2150E333-8FDC-42A3-9474-1A3956D46DE8}") = "3 - Infra", "3 - Infra", "{DD5D652B-FE88-47BA-8669-797130335866}"
EndProject
Project("{2150E333-8FDC-42A3-9474-1A3956D46DE8}") = "4 - Domain", "4 - Domain", "{C389A78F-9945-4B74-814B-1BABE5187F5B}"
EndProject
Project("{9A19103F-16F7-4668-BE54-9A1E7A4F7556}") = "Poc.ShopCqrs.Domain", "Poc.ShopCqrs.Domain\Poc.ShopCqrs.Domain.csproj", "{614101FC-71A5-42F8-9AFA-77E843D99975}"
EndProject
Project("{2150E333-8FDC-42A3-9474-1A3956D46DE8}") = "3.1 - Data", "3.1 - Data", "{26D2FC70-0902-42C0-ADB9-05CD5F5CF1F3}"
EndProject
Project("{9A19103F-16F7-4668-BE54-9A1E7A4F7556}") = "Poc.ShopCqrs.Data", "Poc.ShopCqrs.Sql\Poc.ShopCqrs.Data.csproj", "{02B4E229-7401-4C14-BAA1-56DA691707D7}"
EndProject
Project("{9A19103F-16F7-4668-BE54-9A1E7A4F7556}") = "Poc.ShopCqrs.Application", "Poc.ShopCqrs.Application\Poc.ShopCqrs.Application.csproj", "{C2F93691-D649-40DC-BBEF-62E0CEFD4C6B}"
EndProject
Project("{9A19103F-16F7-4668-BE54-9A1E7A4F7556}") = "Poc.ShopCqrs.Cache", "Poc.ShopCqrs.Cache\Poc.ShopCqrs.Cache.csproj", "{B3F961C8-E384-4B10-A490-68626B228E66}"
EndProject
Project("{2150E333-8FDC-42A3-9474-1A3956D46DE8}") = "3.2 - CrossCutting", "3.2 - CrossCutting", "{946CA98D-673B-4B8B-B44F-E88918854373}"
EndProject
Project("{9A19103F-16F7-4668-BE54-9A1E7A4F7556}") = "Poc.ShopCqrs.Bus", "Poc.ShopCqrs.Bus\Poc.ShopCqrs.Bus.csproj", "{8C7427F1-D026-45A5-9D74-354D1A3D3E58}"
EndProject
Project("{9A19103F-16F7-4668-BE54-9A1E7A4F7556}") = "Poc.ShopCqrs.Domain.Core", "Poc.ShopCqrs.Domain.Core\Poc.ShopCqrs.Domain.Core.csproj", "{E13DCC00-7766-4EAA-8D05-87E25146EEE9}"
EndProject
Project("{2150E333-8FDC-42A3-9474-1A3956D46DE8}") = "2 - Service", "2 - Service", "{F5F0AD5E-99A5-4540-B879-10E8A74528C4}"
EndProject
Project("{9A19103F-16F7-4668-BE54-9A1E7A4F7556}") = "Poc.ShopCqrs.Service", "Poc.ShopCqrs.Service\Poc.ShopCqrs.Service.csproj", "{1EF1D246-A7E5-422A-A6B2-42E9209FCBC5}"
EndProject
Global
	GlobalSection(SolutionConfigurationPlatforms) = preSolution
		Debug|Any CPU = Debug|Any CPU
		Release|Any CPU = Release|Any CPU
	EndGlobalSection
	GlobalSection(ProjectConfigurationPlatforms) = postSolution
		{AB07308B-2A1C-4B69-BEBB-5A9B02A02D93}.Debug|Any CPU.ActiveCfg = Debug|Any CPU
		{AB07308B-2A1C-4B69-BEBB-5A9B02A02D93}.Debug|Any CPU.Build.0 = Debug|Any CPU
		{AB07308B-2A1C-4B69-BEBB-5A9B02A02D93}.Release|Any CPU.ActiveCfg = Release|Any CPU
		{AB07308B-2A1C-4B69-BEBB-5A9B02A02D93}.Release|Any CPU.Build.0 = Release|Any CPU
		{614101FC-71A5-42F8-9AFA-77E843D99975}.Debug|Any CPU.ActiveCfg = Debug|Any CPU
		{614101FC-71A5-42F8-9AFA-77E843D99975}.Debug|Any CPU.Build.0 = Debug|Any CPU
		{614101FC-71A5-42F8-9AFA-77E843D99975}.Release|Any CPU.ActiveCfg = Release|Any CPU
		{614101FC-71A5-42F8-9AFA-77E843D99975}.Release|Any CPU.Build.0 = Release|Any CPU
		{02B4E229-7401-4C14-BAA1-56DA691707D7}.Debug|Any CPU.ActiveCfg = Debug|Any CPU
		{02B4E229-7401-4C14-BAA1-56DA691707D7}.Debug|Any CPU.Build.0 = Debug|Any CPU
		{02B4E229-7401-4C14-BAA1-56DA691707D7}.Release|Any CPU.ActiveCfg = Release|Any CPU
		{02B4E229-7401-4C14-BAA1-56DA691707D7}.Release|Any CPU.Build.0 = Release|Any CPU
		{C2F93691-D649-40DC-BBEF-62E0CEFD4C6B}.Debug|Any CPU.ActiveCfg = Debug|Any CPU
		{C2F93691-D649-40DC-BBEF-62E0CEFD4C6B}.Debug|Any CPU.Build.0 = Debug|Any CPU
		{C2F93691-D649-40DC-BBEF-62E0CEFD4C6B}.Release|Any CPU.ActiveCfg = Release|Any CPU
		{C2F93691-D649-40DC-BBEF-62E0CEFD4C6B}.Release|Any CPU.Build.0 = Release|Any CPU
		{B3F961C8-E384-4B10-A490-68626B228E66}.Debug|Any CPU.ActiveCfg = Debug|Any CPU
		{B3F961C8-E384-4B10-A490-68626B228E66}.Debug|Any CPU.Build.0 = Debug|Any CPU
		{B3F961C8-E384-4B10-A490-68626B228E66}.Release|Any CPU.ActiveCfg = Release|Any CPU
		{B3F961C8-E384-4B10-A490-68626B228E66}.Release|Any CPU.Build.0 = Release|Any CPU
		{8C7427F1-D026-45A5-9D74-354D1A3D3E58}.Debug|Any CPU.ActiveCfg = Debug|Any CPU
		{8C7427F1-D026-45A5-9D74-354D1A3D3E58}.Debug|Any CPU.Build.0 = Debug|Any CPU
		{8C7427F1-D026-45A5-9D74-354D1A3D3E58}.Release|Any CPU.ActiveCfg = Release|Any CPU
		{8C7427F1-D026-45A5-9D74-354D1A3D3E58}.Release|Any CPU.Build.0 = Release|Any CPU
		{E13DCC00-7766-4EAA-8D05-87E25146EEE9}.Debug|Any CPU.ActiveCfg = Debug|Any CPU
		{E13DCC00-7766-4EAA-8D05-87E25146EEE9}.Debug|Any CPU.Build.0 = Debug|Any CPU
		{E13DCC00-7766-4EAA-8D05-87E25146EEE9}.Release|Any CPU.ActiveCfg = Release|Any CPU
		{E13DCC00-7766-4EAA-8D05-87E25146EEE9}.Release|Any CPU.Build.0 = Release|Any CPU
		{1EF1D246-A7E5-422A-A6B2-42E9209FCBC5}.Debug|Any CPU.ActiveCfg = Debug|Any CPU
		{1EF1D246-A7E5-422A-A6B2-42E9209FCBC5}.Debug|Any CPU.Build.0 = Debug|Any CPU
		{1EF1D246-A7E5-422A-A6B2-42E9209FCBC5}.Release|Any CPU.ActiveCfg = Release|Any CPU
		{1EF1D246-A7E5-422A-A6B2-42E9209FCBC5}.Release|Any CPU.Build.0 = Release|Any CPU
	EndGlobalSection
	GlobalSection(SolutionProperties) = preSolution
		HideSolutionNode = FALSE
	EndGlobalSection
	GlobalSection(NestedProjects) = preSolution
		{AB07308B-2A1C-4B69-BEBB-5A9B02A02D93} = {96CB8145-9E1D-4B34-8CFD-DA4629AF8F4E}
		{614101FC-71A5-42F8-9AFA-77E843D99975} = {C389A78F-9945-4B74-814B-1BABE5187F5B}
		{26D2FC70-0902-42C0-ADB9-05CD5F5CF1F3} = {DD5D652B-FE88-47BA-8669-797130335866}
		{02B4E229-7401-4C14-BAA1-56DA691707D7} = {26D2FC70-0902-42C0-ADB9-05CD5F5CF1F3}
		{C2F93691-D649-40DC-BBEF-62E0CEFD4C6B} = {96CB8145-9E1D-4B34-8CFD-DA4629AF8F4E}
		{B3F961C8-E384-4B10-A490-68626B228E66} = {26D2FC70-0902-42C0-ADB9-05CD5F5CF1F3}
		{946CA98D-673B-4B8B-B44F-E88918854373} = {DD5D652B-FE88-47BA-8669-797130335866}
		{8C7427F1-D026-45A5-9D74-354D1A3D3E58} = {946CA98D-673B-4B8B-B44F-E88918854373}
		{E13DCC00-7766-4EAA-8D05-87E25146EEE9} = {C389A78F-9945-4B74-814B-1BABE5187F5B}
		{1EF1D246-A7E5-422A-A6B2-42E9209FCBC5} = {F5F0AD5E-99A5-4540-B879-10E8A74528C4}
	EndGlobalSection
	GlobalSection(ExtensibilityGlobals) = postSolution
		SolutionGuid = {379097AD-2A06-4CA5-B32F-1FF35EBE4E11}
	EndGlobalSection
EndGlobal
